
Microsoft Visual Studio Solution File, Format Version 12.00
# Visual Studio Version 17
VisualStudioVersion = 17.4.33110.190
MinimumVisualStudioVersion = 10.0.40219.1
Project("{FAE04EC0-301F-11D3-BF4B-00C04F79EFBC}") = "Assessment3app", "Assessment3app\Assessment3app.csproj", "{6B40967F-0BC4-42F1-85EE-3E07CDBD8478}"
EndProject
Global
	GlobalSection(SolutionConfigurationPlatforms) = preSolution
		Debug|Any CPU = Debug|Any CPU
		Release|Any CPU = Release|Any CPU
	EndGlobalSection
	GlobalSection(ProjectConfigurationPlatforms) = postSolution
		{6B40967F-0BC4-42F1-85EE-3E07CDBD8478}.Debug|Any CPU.ActiveCfg = Debug|Any CPU
		{6B40967F-0BC4-42F1-85EE-3E07CDBD8478}.Debug|Any CPU.Build.0 = Debug|Any CPU
		{6B40967F-0BC4-42F1-85EE-3E07CDBD8478}.Release|Any CPU.ActiveCfg = Release|Any CPU
		{6B40967F-0BC4-42F1-85EE-3E07CDBD8478}.Release|Any CPU.Build.0 = Release|Any CPU
	EndGlobalSection
	GlobalSection(SolutionProperties) = preSolution
		HideSolutionNode = FALSE
	EndGlobalSection
	GlobalSection(ExtensibilityGlobals) = postSolution
		SolutionGuid = {E8CB46C3-7189-4505-9AA6-0E733DC92E7C}
	EndGlobalSection
EndGlobal
